PODS:
  - Alamofire (4.7.1)
  - Kanna (4.0.0)
  - Kingfisher (4.7.0)

DEPENDENCIES:
  - Alamofire (~> 4.7)
  - Kanna (~> 4.0.0)
  - Kingfisher (~> 4.6)

SPEC CHECKSUMS:
  Alamofire: 68d7d521118d49c615a8d2214d87cdf525599d30
  Kanna: d5ae2a26472f7e7a474e7f36a9cd8aa2c8c63ad3
  Kingfisher: da6b005aa96d37698e3e4f1ccfe96a5b9bbf27d6

PODFILE CHECKSUM: 7c2e2bbd7c6f845a53f15364e5ef5c158c902355

COCOAPODS: 1.4.0
