// !$*UTF8*$!
{
	archiveVersion = 1;
	classes = {
	};
	objectVersion = 48;
	objects = {

/* Begin PBXBuildFile section */
		0007E6226E896B0C1A3A53EE /* Pods_v2ex.framework in Frameworks */ = {isa = PBXBuildFile; fileRef = 58AEC3BF2340D03C4809B7D7 /* Pods_v2ex.framework */; };
		94293F1C204D31240015BF16 /* Kanna.framework in Frameworks */ = {isa = PBXBuildFile; fileRef = 94293F1D204D31240015BF16 /* Kanna.framework */; };
		94293F1E204D6D0D0015BF16 /* Alamofire.framework in Frameworks */ = {isa = PBXBuildFile; fileRef = 94293F1F204D6D0D0015BF16 /* Alamofire.framework */; };
		94293F21204E6A4F0015BF16 /* PostCell.swift in Sources */ = {isa = PBXBuildFile; fileRef = 94293F20204E6A4F0015BF16 /* PostCell.swift */; };
		94293F22204E969E0015BF16 /* Kingfisher.framework in Frameworks */ = {isa = PBXBuildFile; fileRef = 94293F23204E969E0015BF16 /* Kingfisher.framework */; };
		94293F27204FE07F0015BF16 /* PostDetail.swift in Sources */ = {isa = PBXBuildFile; fileRef = 94293F26204FE07F0015BF16 /* PostDetail.swift */; };
		94293F29204FE24D0015BF16 /* PostDetailViewController.swift in Sources */ = {isa = PBXBuildFile; fileRef = 94293F28204FE24D0015BF16 /* PostDetailViewController.swift */; };
		94293F2B204FEA9C0015BF16 /* PostDetailCell.swift in Sources */ = {isa = PBXBuildFile; fileRef = 94293F2A204FEA9C0015BF16 /* PostDetailCell.swift */; };
		943AC00B20623A530083697B /* LoginViewController.swift in Sources */ = {isa = PBXBuildFile; fileRef = 943AC00A20623A530083697B /* LoginViewController.swift */; };
		947E0040205B729B0093E083 /* NodeListViewController.swift in Sources */ = {isa = PBXBuildFile; fileRef = 947E003F205B729B0093E083 /* NodeListViewController.swift */; };
		949E48E02063BF2A0003EF97 /* ContainerViewController.swift in Sources */ = {isa = PBXBuildFile; fileRef = 949E48DF2063BF2A0003EF97 /* ContainerViewController.swift */; };
		949E48E22063DA320003EF97 /* LeftSideMenuViewController.swift in Sources */ = {isa = PBXBuildFile; fileRef = 949E48E12063DA320003EF97 /* LeftSideMenuViewController.swift */; };
		949E48E42063FF500003EF97 /* LeftSideMenu.storyboard in Resources */ = {isa = PBXBuildFile; fileRef = 949E48E32063FF500003EF97 /* LeftSideMenu.storyboard */; };
		949E48E6206401DE0003EF97 /* Login.storyboard in Resources */ = {isa = PBXBuildFile; fileRef = 949E48E5206401DE0003EF97 /* Login.storyboard */; };
		94A5C4ED20727B1800F0FEBA /* LeftSideMenuCell.swift in Sources */ = {isa = PBXBuildFile; fileRef = 94A5C4EC20727B1800F0FEBA /* LeftSideMenuCell.swift */; };
		94A5C4EF20735D4200F0FEBA /* CollectionNodes.storyboard in Resources */ = {isa = PBXBuildFile; fileRef = 94A5C4EE20735D4200F0FEBA /* CollectionNodes.storyboard */; };
		94A5C4F120735DB700F0FEBA /* CollectionNodesViewController.swift in Sources */ = {isa = PBXBuildFile; fileRef = 94A5C4F020735DB700F0FEBA /* CollectionNodesViewController.swift */; };
		94A5C4F320735EFD00F0FEBA /* CollectionNodeCell.swift in Sources */ = {isa = PBXBuildFile; fileRef = 94A5C4F220735EFD00F0FEBA /* CollectionNodeCell.swift */; };
		94BC4A6A206A934600A77314 /* PageType.swift in Sources */ = {isa = PBXBuildFile; fileRef = 94BC4A69206A934600A77314 /* PageType.swift */; };
		94C7818B206E362900952D6C /* RightSideMenu.storyboard in Resources */ = {isa = PBXBuildFile; fileRef = 94C7818A206E362900952D6C /* RightSideMenu.storyboard */; };
		94C7818D206E36EC00952D6C /* RightSideMenuViewController.swift in Sources */ = {isa = PBXBuildFile; fileRef = 94C7818C206E36EC00952D6C /* RightSideMenuViewController.swift */; };
		94CC3BFE204949A700C6F490 /* AppDelegate.swift in Sources */ = {isa = PBXBuildFile; fileRef = 94CC3BFD204949A700C6F490 /* AppDelegate.swift */; };
		94CC3C00204949A700C6F490 /* HomeViewController.swift in Sources */ = {isa = PBXBuildFile; fileRef = 94CC3BFF204949A700C6F490 /* HomeViewController.swift */; };
		94CC3C03204949A700C6F490 /* Main.storyboard in Resources */ = {isa = PBXBuildFile; fileRef = 94CC3C01204949A700C6F490 /* Main.storyboard */; };
		94CC3C05204949A700C6F490 /* Assets.xcassets in Resources */ = {isa = PBXBuildFile; fileRef = 94CC3C04204949A700C6F490 /* Assets.xcassets */; };
		94CC3C08204949A700C6F490 /* LaunchScreen.storyboard in Resources */ = {isa = PBXBuildFile; fileRef = 94CC3C06204949A700C6F490 /* LaunchScreen.storyboard */; };
		94CC3C1220495A0500C6F490 /* Post.swift in Sources */ = {isa = PBXBuildFile; fileRef = 94CC3C1120495A0500C6F490 /* Post.swift */; };
		94CC3C1420495B1500C6F490 /* User.swift in Sources */ = {isa = PBXBuildFile; fileRef = 94CC3C1320495B1500C6F490 /* User.swift */; };
		94CC3C1620495DE400C6F490 /* Node.swift in Sources */ = {isa = PBXBuildFile; fileRef = 94CC3C1520495DE400C6F490 /* Node.swift */; };
		94DD467D2056750E000E0F13 /* NodeListHeaderView.swift in Sources */ = {isa = PBXBuildFile; fileRef = 94DD467C2056750E000E0F13 /* NodeListHeaderView.swift */; };
		94EB12332051330900722B99 /* Comment.swift in Sources */ = {isa = PBXBuildFile; fileRef = 94EB12322051330900722B99 /* Comment.swift */; };
		94EB12352051333C00722B99 /* CommentCell.swift in Sources */ = {isa = PBXBuildFile; fileRef = 94EB12342051333C00722B99 /* CommentCell.swift */; };
		94EB123C2053801E00722B99 /* nodes.json in Resources */ = {isa = PBXBuildFile; fileRef = 94EB123B2053801E00722B99 /* nodes.json */; };
		94EB123E205385C900722B99 /* NodeCell.swift in Sources */ = {isa = PBXBuildFile; fileRef = 94EB123D205385C900722B99 /* NodeCell.swift */; };
/* End PBXBuildFile section */

/* Begin PBXFileReference section */
		03665F0DFCC4ED28096E4A36 /* Pods-v2ex.release.xcconfig */ = {isa = PBXFileReference; includeInIndex = 1; lastKnownFileType = text.xcconfig; name = "Pods-v2ex.release.xcconfig"; path = "Pods/Target Support Files/Pods-v2ex/Pods-v2ex.release.xcconfig"; sourceTree = "<group>"; };
		58AEC3BF2340D03C4809B7D7 /* Pods_v2ex.framework */ = {isa = PBXFileReference; explicitFileType = wrapper.framework; includeInIndex = 0; path = Pods_v2ex.framework; sourceTree = BUILT_PRODUCTS_DIR; };
		72E16142AFDB7FA0578A88E2 /* Pods-v2ex.debug.xcconfig */ = {isa = PBXFileReference; includeInIndex = 1; lastKnownFileType = text.xcconfig; name = "Pods-v2ex.debug.xcconfig"; path = "Pods/Target Support Files/Pods-v2ex/Pods-v2ex.debug.xcconfig"; sourceTree = "<group>"; };
		94293F1D204D31240015BF16 /* Kanna.framework */ = {isa = PBXFileReference; explicitFileType = wrapper.framework; path = Kanna.framework; sourceTree = BUILT_PRODUCTS_DIR; };
		94293F1F204D6D0D0015BF16 /* Alamofire.framework */ = {isa = PBXFileReference; explicitFileType = wrapper.framework; path = Alamofire.framework; sourceTree = BUILT_PRODUCTS_DIR; };
		94293F20204E6A4F0015BF16 /* PostCell.swift */ = {isa = PBXFileReference; lastKnownFileType = sourcecode.swift; path = PostCell.swift; sourceTree = "<group>"; };
		94293F23204E969E0015BF16 /* Kingfisher.framework */ = {isa = PBXFileReference; explicitFileType = wrapper.framework; path = Kingfisher.framework; sourceTree = BUILT_PRODUCTS_DIR; };
		94293F26204FE07F0015BF16 /* PostDetail.swift */ = {isa = PBXFileReference; lastKnownFileType = sourcecode.swift; path = PostDetail.swift; sourceTree = "<group>"; };
		94293F28204FE24D0015BF16 /* PostDetailViewController.swift */ = {isa = PBXFileReference; lastKnownFileType = sourcecode.swift; path = PostDetailViewController.swift; sourceTree = "<group>"; };
		94293F2A204FEA9C0015BF16 /* PostDetailCell.swift */ = {isa = PBXFileReference; lastKnownFileType = sourcecode.swift; path = PostDetailCell.swift; sourceTree = "<group>"; };
		943AC00A20623A530083697B /* LoginViewController.swift */ = {isa = PBXFileReference; lastKnownFileType = sourcecode.swift; path = LoginViewController.swift; sourceTree = "<group>"; };
		947E003F205B729B0093E083 /* NodeListViewController.swift */ = {isa = PBXFileReference; fileEncoding = 4; lastKnownFileType = sourcecode.swift; path = NodeListViewController.swift; sourceTree = "<group>"; };
		949E48DF2063BF2A0003EF97 /* ContainerViewController.swift */ = {isa = PBXFileReference; lastKnownFileType = sourcecode.swift; path = ContainerViewController.swift; sourceTree = "<group>"; };
		949E48E12063DA320003EF97 /* LeftSideMenuViewController.swift */ = {isa = PBXFileReference; lastKnownFileType = sourcecode.swift; path = LeftSideMenuViewController.swift; sourceTree = "<group>"; };
		949E48E32063FF500003EF97 /* LeftSideMenu.storyboard */ = {isa = PBXFileReference; lastKnownFileType = file.storyboard; path = LeftSideMenu.storyboard; sourceTree = "<group>"; };
		949E48E5206401DE0003EF97 /* Login.storyboard */ = {isa = PBXFileReference; lastKnownFileType = file.storyboard; path = Login.storyboard; sourceTree = "<group>"; };
		94A5C4EC20727B1800F0FEBA /* LeftSideMenuCell.swift */ = {isa = PBXFileReference; lastKnownFileType = sourcecode.swift; path = LeftSideMenuCell.swift; sourceTree = "<group>"; };
		94A5C4EE20735D4200F0FEBA /* CollectionNodes.storyboard */ = {isa = PBXFileReference; lastKnownFileType = file.storyboard; path = CollectionNodes.storyboard; sourceTree = "<group>"; };
		94A5C4F020735DB700F0FEBA /* CollectionNodesViewController.swift */ = {isa = PBXFileReference; lastKnownFileType = sourcecode.swift; path = CollectionNodesViewController.swift; sourceTree = "<group>"; };
		94A5C4F220735EFD00F0FEBA /* CollectionNodeCell.swift */ = {isa = PBXFileReference; lastKnownFileType = sourcecode.swift; path = CollectionNodeCell.swift; sourceTree = "<group>"; };
		94BC4A69206A934600A77314 /* PageType.swift */ = {isa = PBXFileReference; lastKnownFileType = sourcecode.swift; path = PageType.swift; sourceTree = "<group>"; };
		94C7818A206E362900952D6C /* RightSideMenu.storyboard */ = {isa = PBXFileReference; lastKnownFileType = file.storyboard; path = RightSideMenu.storyboard; sourceTree = "<group>"; };
		94C7818C206E36EC00952D6C /* RightSideMenuViewController.swift */ = {isa = PBXFileReference; lastKnownFileType = sourcecode.swift; path = RightSideMenuViewController.swift; sourceTree = "<group>"; };
		94CC3BFA204949A700C6F490 /* v2ex.app */ = {isa = PBXFileReference; explicitFileType = wrapper.application; includeInIndex = 0; path = v2ex.app; sourceTree = BUILT_PRODUCTS_DIR; };
		94CC3BFD204949A700C6F490 /* AppDelegate.swift */ = {isa = PBXFileReference; lastKnownFileType = sourcecode.swift; path = AppDelegate.swift; sourceTree = "<group>"; };
		94CC3BFF204949A700C6F490 /* HomeViewController.swift */ = {isa = PBXFileReference; lastKnownFileType = sourcecode.swift; path = HomeViewController.swift; sourceTree = "<group>"; };
		94CC3C02204949A700C6F490 /* Base */ = {isa = PBXFileReference; lastKnownFileType = file.storyboard; name = Base; path = Base.lproj/Main.storyboard; sourceTree = "<group>"; };
		94CC3C04204949A700C6F490 /* Assets.xcassets */ = {isa = PBXFileReference; lastKnownFileType = folder.assetcatalog; path = Assets.xcassets; sourceTree = "<group>"; };
		94CC3C07204949A700C6F490 /* Base */ = {isa = PBXFileReference; lastKnownFileType = file.storyboard; name = Base; path = Base.lproj/LaunchScreen.storyboard; sourceTree = "<group>"; };
		94CC3C09204949A700C6F490 /* Info.plist */ = {isa = PBXFileReference; lastKnownFileType = text.plist.xml; path = Info.plist; sourceTree = "<group>"; };
		94CC3C1120495A0500C6F490 /* Post.swift */ = {isa = PBXFileReference; lastKnownFileType = sourcecode.swift; path = Post.swift; sourceTree = "<group>"; };
		94CC3C1320495B1500C6F490 /* User.swift */ = {isa = PBXFileReference; lastKnownFileType = sourcecode.swift; path = User.swift; sourceTree = "<group>"; };
		94CC3C1520495DE400C6F490 /* Node.swift */ = {isa = PBXFileReference; lastKnownFileType = sourcecode.swift; path = Node.swift; sourceTree = "<group>"; };
		94DD467C2056750E000E0F13 /* NodeListHeaderView.swift */ = {isa = PBXFileReference; lastKnownFileType = sourcecode.swift; path = NodeListHeaderView.swift; sourceTree = "<group>"; };
		94EB12322051330900722B99 /* Comment.swift */ = {isa = PBXFileReference; lastKnownFileType = sourcecode.swift; path = Comment.swift; sourceTree = "<group>"; };
		94EB12342051333C00722B99 /* CommentCell.swift */ = {isa = PBXFileReference; lastKnownFileType = sourcecode.swift; path = CommentCell.swift; sourceTree = "<group>"; };
		94EB123B2053801E00722B99 /* nodes.json */ = {isa = PBXFileReference; fileEncoding = 4; lastKnownFileType = text.json; path = nodes.json; sourceTree = "<group>"; };
		94EB123D205385C900722B99 /* NodeCell.swift */ = {isa = PBXFileReference; lastKnownFileType = sourcecode.swift; path = NodeCell.swift; sourceTree = "<group>"; };
/* End PBXFileReference section */

/* Begin PBXFrameworksBuildPhase section */
		94CC3BF7204949A700C6F490 /* Frameworks */ = {
			isa = PBXFrameworksBuildPhase;
			buildActionMask = 2147483647;
			files = (
				94293F22204E969E0015BF16 /* Kingfisher.framework in Frameworks */,
				94293F1E204D6D0D0015BF16 /* Alamofire.framework in Frameworks */,
				94293F1C204D31240015BF16 /* Kanna.framework in Frameworks */,
				0007E6226E896B0C1A3A53EE /* Pods_v2ex.framework in Frameworks */,
			);
			runOnlyForDeploymentPostprocessing = 0;
		};
/* End PBXFrameworksBuildPhase section */

/* Begin PBXGroup section */
		32ECA59920100DB35B114C9C /* Pods */ = {
			isa = PBXGroup;
			children = (
				72E16142AFDB7FA0578A88E2 /* Pods-v2ex.debug.xcconfig */,
				03665F0DFCC4ED28096E4A36 /* Pods-v2ex.release.xcconfig */,
			);
			name = Pods;
			sourceTree = "<group>";
		};
		94293F16204CE36B0015BF16 /* Models */ = {
			isa = PBXGroup;
			children = (
				94CC3C1120495A0500C6F490 /* Post.swift */,
				94BC4A69206A934600A77314 /* PageType.swift */,
				94293F26204FE07F0015BF16 /* PostDetail.swift */,
				94EB12322051330900722B99 /* Comment.swift */,
				94CC3C1520495DE400C6F490 /* Node.swift */,
				94CC3C1320495B1500C6F490 /* User.swift */,
				94EB123B2053801E00722B99 /* nodes.json */,
			);
			path = Models;
			sourceTree = "<group>";
		};
		94293F2C204FEAB40015BF16 /* Controllers */ = {
			isa = PBXGroup;
			children = (
				949E48DF2063BF2A0003EF97 /* ContainerViewController.swift */,
				94CC3BFF204949A700C6F490 /* HomeViewController.swift */,
				94293F28204FE24D0015BF16 /* PostDetailViewController.swift */,
				947E003F205B729B0093E083 /* NodeListViewController.swift */,
				943AC00A20623A530083697B /* LoginViewController.swift */,
				949E48E12063DA320003EF97 /* LeftSideMenuViewController.swift */,
				94A5C4F020735DB700F0FEBA /* CollectionNodesViewController.swift */,
				94C7818C206E36EC00952D6C /* RightSideMenuViewController.swift */,
			);
			path = Controllers;
			sourceTree = "<group>";
		};
		94293F2D204FEACF0015BF16 /* Supporting Files */ = {
			isa = PBXGroup;
			children = (
				94CC3BFD204949A700C6F490 /* AppDelegate.swift */,
				94CC3C04204949A700C6F490 /* Assets.xcassets */,
				94CC3C09204949A700C6F490 /* Info.plist */,
			);
			path = "Supporting Files";
			sourceTree = "<group>";
		};
		94293F2E204FEAEB0015BF16 /* Views */ = {
			isa = PBXGroup;
			children = (
				94293F20204E6A4F0015BF16 /* PostCell.swift */,
				94293F2A204FEA9C0015BF16 /* PostDetailCell.swift */,
				94EB12342051333C00722B99 /* CommentCell.swift */,
				94EB123D205385C900722B99 /* NodeCell.swift */,
				94A5C4EC20727B1800F0FEBA /* LeftSideMenuCell.swift */,
				94DD467C2056750E000E0F13 /* NodeListHeaderView.swift */,
				94A5C4F220735EFD00F0FEBA /* CollectionNodeCell.swift */,
				94CC3C01204949A700C6F490 /* Main.storyboard */,
				949E48E5206401DE0003EF97 /* Login.storyboard */,
				949E48E32063FF500003EF97 /* LeftSideMenu.storyboard */,
				94A5C4EE20735D4200F0FEBA /* CollectionNodes.storyboard */,
				94C7818A206E362900952D6C /* RightSideMenu.storyboard */,
				94CC3C06204949A700C6F490 /* LaunchScreen.storyboard */,
			);
			path = Views;
			sourceTree = "<group>";
		};
		94CC3BF1204949A700C6F490 = {
			isa = PBXGroup;
			children = (
				94CC3BFC204949A700C6F490 /* v2ex */,
				94CC3BFB204949A700C6F490 /* Products */,
				32ECA59920100DB35B114C9C /* Pods */,
				99AEE0E368143DBB131A1361 /* Frameworks */,
			);
			sourceTree = "<group>";
		};
		94CC3BFB204949A700C6F490 /* Products */ = {
			isa = PBXGroup;
			children = (
				94CC3BFA204949A700C6F490 /* v2ex.app */,
			);
			name = Products;
			sourceTree = "<group>";
		};
		94CC3BFC204949A700C6F490 /* v2ex */ = {
			isa = PBXGroup;
			children = (
				94293F16204CE36B0015BF16 /* Models */,
				94293F2E204FEAEB0015BF16 /* Views */,
				94293F2C204FEAB40015BF16 /* Controllers */,
				94293F2D204FEACF0015BF16 /* Supporting Files */,
			);
			path = v2ex;
			sourceTree = "<group>";
		};
		99AEE0E368143DBB131A1361 /* Frameworks */ = {
			isa = PBXGroup;
			children = (
				94293F23204E969E0015BF16 /* Kingfisher.framework */,
				94293F1F204D6D0D0015BF16 /* Alamofire.framework */,
				94293F1D204D31240015BF16 /* Kanna.framework */,
				58AEC3BF2340D03C4809B7D7 /* Pods_v2ex.framework */,
			);
			name = Frameworks;
			sourceTree = "<group>";
		};
/* End PBXGroup section */

/* Begin PBXNativeTarget section */
		94CC3BF9204949A700C6F490 /* v2ex */ = {
			isa = PBXNativeTarget;
			buildConfigurationList = 94CC3C0C204949A700C6F490 /* Build configuration list for PBXNativeTarget "v2ex" */;
			buildPhases = (
				5F5DE2C396420B2244508EFA /* [CP] Check Pods Manifest.lock */,
				94CC3BF6204949A700C6F490 /* Sources */,
				94CC3BF7204949A700C6F490 /* Frameworks */,
				94CC3BF8204949A700C6F490 /* Resources */,
				2B6671126559349028D8F2B8 /* [CP] Embed Pods Frameworks */,
				AB987CB962B35B29B3D27DBD /* [CP] Copy Pods Resources */,
			);
			buildRules = (
			);
			dependencies = (
			);
			name = v2ex;
			productName = v2ex;
			productReference = 94CC3BFA204949A700C6F490 /* v2ex.app */;
			productType = "com.apple.product-type.application";
		};
/* End PBXNativeTarget section */

/* Begin PBXProject section */
		94CC3BF2204949A700C6F490 /* Project object */ = {
			isa = PBXProject;
			attributes = {
				LastSwiftUpdateCheck = 0920;
				LastUpgradeCheck = 0920;
				ORGANIZATIONNAME = com.wujiangbin.v2ex;
				TargetAttributes = {
					94CC3BF9204949A700C6F490 = {
						CreatedOnToolsVersion = 9.2;
						ProvisioningStyle = Automatic;
					};
				};
			};
			buildConfigurationList = 94CC3BF5204949A700C6F490 /* Build configuration list for PBXProject "v2ex" */;
			compatibilityVersion = "Xcode 8.0";
			developmentRegion = en;
			hasScannedForEncodings = 0;
			knownRegions = (
				en,
				Base,
			);
			mainGroup = 94CC3BF1204949A700C6F490;
			productRefGroup = 94CC3BFB204949A700C6F490 /* Products */;
			projectDirPath = "";
			projectRoot = "";
			targets = (
				94CC3BF9204949A700C6F490 /* v2ex */,
			);
		};
/* End PBXProject section */

/* Begin PBXResourcesBuildPhase section */
		94CC3BF8204949A700C6F490 /* Resources */ = {
			isa = PBXResourcesBuildPhase;
			buildActionMask = 2147483647;
			files = (
				94CC3C08204949A700C6F490 /* LaunchScreen.storyboard in Resources */,
				94C7818B206E362900952D6C /* RightSideMenu.storyboard in Resources */,
				949E48E42063FF500003EF97 /* LeftSideMenu.storyboard in Resources */,
				949E48E6206401DE0003EF97 /* Login.storyboard in Resources */,
				94CC3C05204949A700C6F490 /* Assets.xcassets in Resources */,
				94CC3C03204949A700C6F490 /* Main.storyboard in Resources */,
				94A5C4EF20735D4200F0FEBA /* CollectionNodes.storyboard in Resources */,
				94EB123C2053801E00722B99 /* nodes.json in Resources */,
			);
			runOnlyForDeploymentPostprocessing = 0;
		};
/* End PBXResourcesBuildPhase section */

/* Begin PBXShellScriptBuildPhase section */
		2B6671126559349028D8F2B8 /* [CP] Embed Pods Frameworks */ = {
			isa = PBXShellScriptBuildPhase;
			buildActionMask = 2147483647;
			files = (
			);
			inputPaths = (
				"${SRCROOT}/Pods/Target Support Files/Pods-v2ex/Pods-v2ex-frameworks.sh",
				"${BUILT_PRODUCTS_DIR}/Alamofire/Alamofire.framework",
				"${BUILT_PRODUCTS_DIR}/Kanna/Kanna.framework",
				"${BUILT_PRODUCTS_DIR}/Kingfisher/Kingfisher.framework",
			);
			name = "[CP] Embed Pods Frameworks";
			outputPaths = (
				"${TARGET_BUILD_DIR}/${FRAMEWORKS_FOLDER_PATH}/Alamofire.framework",
				"${TARGET_BUILD_DIR}/${FRAMEWORKS_FOLDER_PATH}/Kanna.framework",
				"${TARGET_BUILD_DIR}/${FRAMEWORKS_FOLDER_PATH}/Kingfisher.framework",
			);
			runOnlyForDeploymentPostprocessing = 0;
			shellPath = /bin/sh;
			shellScript = "\"${SRCROOT}/Pods/Target Support Files/Pods-v2ex/Pods-v2ex-frameworks.sh\"\n";
			showEnvVarsInLog = 0;
		};
		5F5DE2C396420B2244508EFA /* [CP] Check Pods Manifest.lock */ = {
			isa = PBXShellScriptBuildPhase;
			buildActionMask = 2147483647;
			files = (
			);
			inputPaths = (
				"${PODS_PODFILE_DIR_PATH}/Podfile.lock",
				"${PODS_ROOT}/Manifest.lock",
			);
			name = "[CP] Check Pods Manifest.lock";
			outputPaths = (
				"$(DERIVED_FILE_DIR)/Pods-v2ex-checkManifestLockResult.txt",
			);
			runOnlyForDeploymentPostprocessing = 0;
			shellPath = /bin/sh;
			shellScript = "diff \"${PODS_PODFILE_DIR_PATH}/Podfile.lock\" \"${PODS_ROOT}/Manifest.lock\" > /dev/null\nif [ $? != 0 ] ; then\n    # print error to STDERR\n    echo \"error: The sandbox is not in sync with the Podfile.lock. Run 'pod install' or update your CocoaPods installation.\" >&2\n    exit 1\nfi\n# This output is used by Xcode 'outputs' to avoid re-running this script phase.\necho \"SUCCESS\" > \"${SCRIPT_OUTPUT_FILE_0}\"\n";
			showEnvVarsInLog = 0;
		};
		AB987CB962B35B29B3D27DBD /* [CP] Copy Pods Resources */ = {
			isa = PBXShellScriptBuildPhase;
			buildActionMask = 2147483647;
			files = (
			);
			inputPaths = (
			);
			name = "[CP] Copy Pods Resources";
			outputPaths = (
			);
			runOnlyForDeploymentPostprocessing = 0;
			shellPath = /bin/sh;
			shellScript = "\"${SRCROOT}/Pods/Target Support Files/Pods-v2ex/Pods-v2ex-resources.sh\"\n";
			showEnvVarsInLog = 0;
		};
/* End PBXShellScriptBuildPhase section */

/* Begin PBXSourcesBuildPhase section */
		94CC3BF6204949A700C6F490 /* Sources */ = {
			isa = PBXSourcesBuildPhase;
			buildActionMask = 2147483647;
			files = (
				94A5C4F320735EFD00F0FEBA /* CollectionNodeCell.swift in Sources */,
				94A5C4F120735DB700F0FEBA /* CollectionNodesViewController.swift in Sources */,
				94293F21204E6A4F0015BF16 /* PostCell.swift in Sources */,
				94CC3C00204949A700C6F490 /* HomeViewController.swift in Sources */,
				94CC3BFE204949A700C6F490 /* AppDelegate.swift in Sources */,
				943AC00B20623A530083697B /* LoginViewController.swift in Sources */,
				94CC3C1620495DE400C6F490 /* Node.swift in Sources */,
				94293F29204FE24D0015BF16 /* PostDetailViewController.swift in Sources */,
				94EB123E205385C900722B99 /* NodeCell.swift in Sources */,
				94293F27204FE07F0015BF16 /* PostDetail.swift in Sources */,
				94A5C4ED20727B1800F0FEBA /* LeftSideMenuCell.swift in Sources */,
				94CC3C1220495A0500C6F490 /* Post.swift in Sources */,
				947E0040205B729B0093E083 /* NodeListViewController.swift in Sources */,
				949E48E02063BF2A0003EF97 /* ContainerViewController.swift in Sources */,
				94CC3C1420495B1500C6F490 /* User.swift in Sources */,
				94DD467D2056750E000E0F13 /* NodeListHeaderView.swift in Sources */,
				94293F2B204FEA9C0015BF16 /* PostDetailCell.swift in Sources */,
				94BC4A6A206A934600A77314 /* PageType.swift in Sources */,
				94EB12332051330900722B99 /* Comment.swift in Sources */,
				949E48E22063DA320003EF97 /* LeftSideMenuViewController.swift in Sources */,
				94EB12352051333C00722B99 /* CommentCell.swift in Sources */,
				94C7818D206E36EC00952D6C /* RightSideMenuViewController.swift in Sources */,
			);
			runOnlyForDeploymentPostprocessing = 0;
		};
/* End PBXSourcesBuildPhase section */

/* Begin PBXVariantGroup section */
		94CC3C01204949A700C6F490 /* Main.storyboard */ = {
			isa = PBXVariantGroup;
			children = (
				94CC3C02204949A700C6F490 /* Base */,
			);
			name = Main.storyboard;
			sourceTree = "<group>";
		};
		94CC3C06204949A700C6F490 /* LaunchScreen.storyboard */ = {
			isa = PBXVariantGroup;
			children = (
				94CC3C07204949A700C6F490 /* Base */,
			);
			name = LaunchScreen.storyboard;
			sourceTree = "<group>";
		};
/* End PBXVariantGroup section */

/* Begin XCBuildConfiguration section */
		94CC3C0A204949A700C6F490 /* Debug */ = {
			isa = XCBuildConfiguration;
			buildSettings = {
				ALWAYS_SEARCH_USER_PATHS = NO;
				CLANG_ANALYZER_NONNULL = YES;
				CLANG_ANALYZER_NUMBER_OBJECT_CONVERSION = YES_AGGRESSIVE;
				CLANG_CXX_LANGUAGE_STANDARD = "gnu++14";
				CLANG_CXX_LIBRARY = "libc++";
				CLANG_ENABLE_MODULES = YES;
				CLANG_ENABLE_OBJC_ARC = YES;
				CLANG_WARN_BLOCK_CAPTURE_AUTORELEASING = YES;
				CLANG_WARN_BOOL_CONVERSION = YES;
				CLANG_WARN_COMMA = YES;
				CLANG_WARN_CONSTANT_CONVERSION = YES;
				CLANG_WARN_DIRECT_OBJC_ISA_USAGE = YES_ERROR;
				CLANG_WARN_DOCUMENTATION_COMMENTS = YES;
				CLANG_WARN_EMPTY_BODY = YES;
				CLANG_WARN_ENUM_CONVERSION = YES;
				CLANG_WARN_INFINITE_RECURSION = YES;
				CLANG_WARN_INT_CONVERSION = YES;
				CLANG_WARN_NON_LITERAL_NULL_CONVERSION = YES;
				CLANG_WARN_OBJC_LITERAL_CONVERSION = YES;
				CLANG_WARN_OBJC_ROOT_CLASS = YES_ERROR;
				CLANG_WARN_RANGE_LOOP_ANALYSIS = YES;
				CLANG_WARN_STRICT_PROTOTYPES = YES;
				CLANG_WARN_SUSPICIOUS_MOVE = YES;
				CLANG_WARN_UNGUARDED_AVAILABILITY = YES_AGGRESSIVE;
				CLANG_WARN_UNREACHABLE_CODE = YES;
				CLANG_WARN__DUPLICATE_METHOD_MATCH = YES;
				CODE_SIGN_IDENTITY = "iPhone Developer";
				COPY_PHASE_STRIP = NO;
				DEBUG_INFORMATION_FORMAT = dwarf;
				ENABLE_STRICT_OBJC_MSGSEND = YES;
				ENABLE_TESTABILITY = YES;
				GCC_C_LANGUAGE_STANDARD = gnu11;
				GCC_DYNAMIC_NO_PIC = NO;
				GCC_NO_COMMON_BLOCKS = YES;
				GCC_OPTIMIZATION_LEVEL = 0;
				GCC_PREPROCESSOR_DEFINITIONS = (
					"DEBUG=1",
					"$(inherited)",
				);
				GCC_WARN_64_TO_32_BIT_CONVERSION = YES;
				GCC_WARN_ABOUT_RETURN_TYPE = YES_ERROR;
				GCC_WARN_UNDECLARED_SELECTOR = YES;
				GCC_WARN_UNINITIALIZED_AUTOS = YES_AGGRESSIVE;
				GCC_WARN_UNUSED_FUNCTION = YES;
				GCC_WARN_UNUSED_VARIABLE = YES;
				IPHONEOS_DEPLOYMENT_TARGET = 11.2;
				MTL_ENABLE_DEBUG_INFO = YES;
				ONLY_ACTIVE_ARCH = YES;
				SDKROOT = iphoneos;
				SWIFT_ACTIVE_COMPILATION_CONDITIONS = DEBUG;
				SWIFT_OPTIMIZATION_LEVEL = "-Onone";
			};
			name = Debug;
		};
		94CC3C0B204949A700C6F490 /* Release */ = {
			isa = XCBuildConfiguration;
			buildSettings = {
				ALWAYS_SEARCH_USER_PATHS = NO;
				CLANG_ANALYZER_NONNULL = YES;
				CLANG_ANALYZER_NUMBER_OBJECT_CONVERSION = YES_AGGRESSIVE;
				CLANG_CXX_LANGUAGE_STANDARD = "gnu++14";
				CLANG_CXX_LIBRARY = "libc++";
				CLANG_ENABLE_MODULES = YES;
				CLANG_ENABLE_OBJC_ARC = YES;
				CLANG_WARN_BLOCK_CAPTURE_AUTORELEASING = YES;
				CLANG_WARN_BOOL_CONVERSION = YES;
				CLANG_WARN_COMMA = YES;
				CLANG_WARN_CONSTANT_CONVERSION = YES;
				CLANG_WARN_DIRECT_OBJC_ISA_USAGE = YES_ERROR;
				CLANG_WARN_DOCUMENTATION_COMMENTS = YES;
				CLANG_WARN_EMPTY_BODY = YES;
				CLANG_WARN_ENUM_CONVERSION = YES;
				CLANG_WARN_INFINITE_RECURSION = YES;
				CLANG_WARN_INT_CONVERSION = YES;
				CLANG_WARN_NON_LITERAL_NULL_CONVERSION = YES;
				CLANG_WARN_OBJC_LITERAL_CONVERSION = YES;
				CLANG_WARN_OBJC_ROOT_CLASS = YES_ERROR;
				CLANG_WARN_RANGE_LOOP_ANALYSIS = YES;
				CLANG_WARN_STRICT_PROTOTYPES = YES;
				CLANG_WARN_SUSPICIOUS_MOVE = YES;
				CLANG_WARN_UNGUARDED_AVAILABILITY = YES_AGGRESSIVE;
				CLANG_WARN_UNREACHABLE_CODE = YES;
				CLANG_WARN__DUPLICATE_METHOD_MATCH = YES;
				CODE_SIGN_IDENTITY = "iPhone Developer";
				COPY_PHASE_STRIP = NO;
				DEBUG_INFORMATION_FORMAT = "dwarf-with-dsym";
				ENABLE_NS_ASSERTIONS = NO;
				ENABLE_STRICT_OBJC_MSGSEND = YES;
				GCC_C_LANGUAGE_STANDARD = gnu11;
				GCC_NO_COMMON_BLOCKS = YES;
				GCC_WARN_64_TO_32_BIT_CONVERSION = YES;
				GCC_WARN_ABOUT_RETURN_TYPE = YES_ERROR;
				GCC_WARN_UNDECLARED_SELECTOR = YES;
				GCC_WARN_UNINITIALIZED_AUTOS = YES_AGGRESSIVE;
				GCC_WARN_UNUSED_FUNCTION = YES;
				GCC_WARN_UNUSED_VARIABLE = YES;
				IPHONEOS_DEPLOYMENT_TARGET = 11.2;
				MTL_ENABLE_DEBUG_INFO = NO;
				SDKROOT = iphoneos;
				SWIFT_OPTIMIZATION_LEVEL = "-Owholemodule";
				VALIDATE_PRODUCT = YES;
			};
			name = Release;
		};
		94CC3C0D204949A700C6F490 /* Debug */ = {
			isa = XCBuildConfiguration;
			baseConfigurationReference = 72E16142AFDB7FA0578A88E2 /* Pods-v2ex.debug.xcconfig */;
			buildSettings = {
				ASSETCATALOG_COMPILER_APPICON_NAME = AppIcon;
				CODE_SIGN_STYLE = Automatic;
				DEVELOPMENT_TEAM = 8EZE77275G;
				INFOPLIST_FILE = "$(SRCROOT)/v2ex/Supporting Files/Info.plist";
				LD_RUNPATH_SEARCH_PATHS = "$(inherited) @executable_path/Frameworks";
				PRODUCT_BUNDLE_IDENTIFIER = wujiangbin.v2ex;
				PRODUCT_NAME = "$(TARGET_NAME)";
				SWIFT_VERSION = 4.0;
				TARGETED_DEVICE_FAMILY = "1,2";
			};
			name = Debug;
		};
		94CC3C0E204949A700C6F490 /* Release */ = {
			isa = XCBuildConfiguration;
			baseConfigurationReference = 03665F0DFCC4ED28096E4A36 /* Pods-v2ex.release.xcconfig */;
			buildSettings = {
				ASSETCATALOG_COMPILER_APPICON_NAME = AppIcon;
				CODE_SIGN_STYLE = Automatic;
				DEVELOPMENT_TEAM = 8EZE77275G;
				INFOPLIST_FILE = "$(SRCROOT)/v2ex/Supporting Files/Info.plist";
				LD_RUNPATH_SEARCH_PATHS = "$(inherited) @executable_path/Frameworks";
				PRODUCT_BUNDLE_IDENTIFIER = wujiangbin.v2ex;
				PRODUCT_NAME = "$(TARGET_NAME)";
				SWIFT_VERSION = 4.0;
				TARGETED_DEVICE_FAMILY = "1,2";
			};
			name = Release;
		};
/* End XCBuildConfiguration section */

/* Begin XCConfigurationList section */
		94CC3BF5204949A700C6F490 /* Build configuration list for PBXProject "v2ex" */ = {
			isa = XCConfigurationList;
			buildConfigurations = (
				94CC3C0A204949A700C6F490 /* Debug */,
				94CC3C0B204949A700C6F490 /* Release */,
			);
			defaultConfigurationIsVisible = 0;
			defaultConfigurationName = Release;
		};
		94CC3C0C204949A700C6F490 /* Build configuration list for PBXNativeTarget "v2ex" */ = {
			isa = XCConfigurationList;
			buildConfigurations = (
				94CC3C0D204949A700C6F490 /* Debug */,
				94CC3C0E204949A700C6F490 /* Release */,
			);
			defaultConfigurationIsVisible = 0;
			defaultConfigurationName = Release;
		};
/* End XCConfigurationList section */
	};
	rootObject = 94CC3BF2204949A700C6F490 /* Project object */;
}
